
Microsoft Visual Studio Solution File, Format Version 12.00
# Visual Studio 15
VisualStudioVersion = 15.0.28307.757
MinimumVisualStudioVersion = 10.0.40219.1
Project("{FAE04EC0-301F-11D3-BF4B-00C04F79EFBC}") = "IkeyPro_WebAPI_V22_2", "IkeyPro_WebAPI_V22_2\IkeyPro_WebAPI_V22_2.csproj", "{34186D13-D0E9-44A6-B0DF-EC60631748DC}"
EndProject
Global
	GlobalSection(SolutionConfigurationPlatforms) = preSolution
		Debug|Any CPU = Debug|Any CPU
		Release|Any CPU = Release|Any CPU
	EndGlobalSection
	GlobalSection(ProjectConfigurationPlatforms) = postSolution
		{34186D13-D0E9-44A6-B0DF-EC60631748DC}.Debug|Any CPU.ActiveCfg = Debug|Any CPU
		{34186D13-D0E9-44A6-B0DF-EC60631748DC}.Debug|Any CPU.Build.0 = Debug|Any CPU
		{34186D13-D0E9-44A6-B0DF-EC60631748DC}.Release|Any CPU.ActiveCfg = Release|Any CPU
		{34186D13-D0E9-44A6-B0DF-EC60631748DC}.Release|Any CPU.Build.0 = Release|Any CPU
	EndGlobalSection
	GlobalSection(SolutionProperties) = preSolution
		HideSolutionNode = FALSE
	EndGlobalSection
	GlobalSection(ExtensibilityGlobals) = postSolution
		SolutionGuid = {3D94D4B1-D079-4327-A193-59C341A7484D}
	EndGlobalSection
EndGlobal
